
Microsoft Visual Studio Solution File, Format Version 12.00
# Visual Studio Version 17
VisualStudioVersion = 17.2.32516.85
MinimumVisualStudioVersion = 10.0.40219.1
Project("{FAE04EC0-301F-11D3-BF4B-00C04F79EFBC}") = "ConceptsPOO", "ConceptsPOO\ConceptsPOO.csproj", "{DA33D512-31CE-49B4-8F67-70BE71B0D235}"
EndProject
Global
	GlobalSection(SolutionConfigurationPlatforms) = preSolution
		Debug|Any CPU = Debug|Any CPU
		Release|Any CPU = Release|Any CPU
	EndGlobalSection
	GlobalSection(ProjectConfigurationPlatforms) = postSolution
		{DA33D512-31CE-49B4-8F67-70BE71B0D235}.Debug|Any CPU.ActiveCfg = Debug|Any CPU
		{DA33D512-31CE-49B4-8F67-70BE71B0D235}.Debug|Any CPU.Build.0 = Debug|Any CPU
		{DA33D512-31CE-49B4-8F67-70BE71B0D235}.Release|Any CPU.ActiveCfg = Release|Any CPU
		{DA33D512-31CE-49B4-8F67-70BE71B0D235}.Release|Any CPU.Build.0 = Release|Any CPU
	EndGlobalSection
	GlobalSection(SolutionProperties) = preSolution
		HideSolutionNode = FALSE
	EndGlobalSection
	GlobalSection(ExtensibilityGlobals) = postSolution
		SolutionGuid = {2069840F-09BB-4DE2-B65B-A7B840776FBB}
	EndGlobalSection
EndGlobal
